
Microsoft Visual Studio Solution File, Format Version 12.00
# Visual Studio Version 16
VisualStudioVersion = 16.0.30413.136
MinimumVisualStudioVersion = 10.0.40219.1
Project("{FAE04EC0-301F-11D3-BF4B-00C04F79EFBC}") = "In Class", "In Class\In Class.csproj", "{1ADE0A8D-01BB-4CC7-BAFC-F4A2CCE21F3A}"
EndProject
Global
	GlobalSection(SolutionConfigurationPlatforms) = preSolution
		Debug|Any CPU = Debug|Any CPU
		Release|Any CPU = Release|Any CPU
	EndGlobalSection
	GlobalSection(ProjectConfigurationPlatforms) = postSolution
		{1ADE0A8D-01BB-4CC7-BAFC-F4A2CCE21F3A}.Debug|Any CPU.ActiveCfg = Debug|Any CPU
		{1ADE0A8D-01BB-4CC7-BAFC-F4A2CCE21F3A}.Debug|Any CPU.Build.0 = Debug|Any CPU
		{1ADE0A8D-01BB-4CC7-BAFC-F4A2CCE21F3A}.Release|Any CPU.ActiveCfg = Release|Any CPU
		{1ADE0A8D-01BB-4CC7-BAFC-F4A2CCE21F3A}.Release|Any CPU.Build.0 = Release|Any CPU
	EndGlobalSection
	GlobalSection(SolutionProperties) = preSolution
		HideSolutionNode = FALSE
	EndGlobalSection
	GlobalSection(ExtensibilityGlobals) = postSolution
		SolutionGuid = {00734B3E-021E-4BFD-923F-92D62261BF2C}
	EndGlobalSection
EndGlobal
